{
	"name": "@yourrepo/module-a",
	"version": "1.0.0",
	"lockfileVersion": 1,
	"requires": true,
	"dependencies": {
		"@ozo/mixins-sass": {
			"version": "1.1.7",
			"resolved": "https://registry.npmjs.org/@ozo/mixins-sass/-/mixins-sass-1.1.7.tgz",
			"integrity": "sha512-v5gW2EEazrosuZJXWGXXEm6mSjUT2QjWapmHB7w0O+2F2KMQ/78duMl07tCEmhogTkKRRrxe+QwGO6oKBQH0zQ=="
		}
	}
}
